// !$*UTF8*$!
{
	archiveVersion = 1;
	classes = {
	};
	objectVersion = 46;
	objects = {

/* Begin PBXBuildFile section */
		E153084C1BC4D9A2004F491A /* AppDelegate.swift in Sources */ = {isa = PBXBuildFile; fileRef = E153084B1BC4D9A2004F491A /* AppDelegate.swift */; };
		E153084E1BC4D9A2004F491A /* ViewController.swift in Sources */ = {isa = PBXBuildFile; fileRef = E153084D1BC4D9A2004F491A /* ViewController.swift */; };
		E15308511BC4D9A2004F491A /* Main.storyboard in Resources */ = {isa = PBXBuildFile; fileRef = E153084F1BC4D9A2004F491A /* Main.storyboard */; };
		E15308541BC4D9A2004F491A /* MyVirtualTourist.xcdatamodeld in Sources */ = {isa = PBXBuildFile; fileRef = E15308521BC4D9A2004F491A /* MyVirtualTourist.xcdatamodeld */; };
		E15308561BC4D9A2004F491A /* Assets.xcassets in Resources */ = {isa = PBXBuildFile; fileRef = E15308551BC4D9A2004F491A /* Assets.xcassets */; };
		E15308591BC4D9A2004F491A /* LaunchScreen.storyboard in Resources */ = {isa = PBXBuildFile; fileRef = E15308571BC4D9A2004F491A /* LaunchScreen.storyboard */; };
		E15308631BC4DAC1004F491A /* CoreDataStackManager.swift in Sources */ = {isa = PBXBuildFile; fileRef = E15308621BC4DAC1004F491A /* CoreDataStackManager.swift */; settings = {ASSET_TAGS = (); }; };
		E15308651BC4DED0004F491A /* MapKit.framework in Frameworks */ = {isa = PBXBuildFile; fileRef = E15308641BC4DED0004F491A /* MapKit.framework */; };
/* End PBXBuildFile section */

/* Begin PBXFileReference section */
		E15308481BC4D9A2004F491A /* MyVirtualTourist.app */ = {isa = PBXFileReference; explicitFileType = wrapper.application; includeInIndex = 0; path = MyVirtualTourist.app; sourceTree = BUILT_PRODUCTS_DIR; };
		E153084B1BC4D9A2004F491A /* AppDelegate.swift */ = {isa = PBXFileReference; lastKnownFileType = sourcecode.swift; path = AppDelegate.swift; sourceTree = "<group>"; };
		E153084D1BC4D9A2004F491A /* ViewController.swift */ = {isa = PBXFileReference; lastKnownFileType = sourcecode.swift; path = ViewController.swift; sourceTree = "<group>"; };
		E15308501BC4D9A2004F491A /* Base */ = {isa = PBXFileReference; lastKnownFileType = file.storyboard; name = Base; path = Base.lproj/Main.storyboard; sourceTree = "<group>"; };
		E15308531BC4D9A2004F491A /* MyVirtualTourist.xcdatamodel */ = {isa = PBXFileReference; lastKnownFileType = wrapper.xcdatamodel; path = MyVirtualTourist.xcdatamodel; sourceTree = "<group>"; };
		E15308551BC4D9A2004F491A /* Assets.xcassets */ = {isa = PBXFileReference; lastKnownFileType = folder.assetcatalog; path = Assets.xcassets; sourceTree = "<group>"; };
		E15308581BC4D9A2004F491A /* Base */ = {isa = PBXFileReference; lastKnownFileType = file.storyboard; name = Base; path = Base.lproj/LaunchScreen.storyboard; sourceTree = "<group>"; };
		E153085A1BC4D9A2004F491A /* Info.plist */ = {isa = PBXFileReference; lastKnownFileType = text.plist.xml; path = Info.plist; sourceTree = "<group>"; };
		E15308621BC4DAC1004F491A /* CoreDataStackManager.swift */ = {isa = PBXFileReference; fileEncoding = 4; lastKnownFileType = sourcecode.swift; path = CoreDataStackManager.swift; sourceTree = "<group>"; };
		E15308641BC4DED0004F491A /* MapKit.framework */ = {isa = PBXFileReference; lastKnownFileType = wrapper.framework; name = MapKit.framework; path = System/Library/Frameworks/MapKit.framework; sourceTree = SDKROOT; };
/* End PBXFileReference section */

/* Begin PBXFrameworksBuildPhase section */
		E15308451BC4D9A2004F491A /* Frameworks */ = {
			isa = PBXFrameworksBuildPhase;
			buildActionMask = 2147483647;
			files = (
				E15308651BC4DED0004F491A /* MapKit.framework in Frameworks */,
			);
			runOnlyForDeploymentPostprocessing = 0;
		};
/* End PBXFrameworksBuildPhase section */

/* Begin PBXGroup section */
		E153083F1BC4D9A2004F491A = {
			isa = PBXGroup;
			children = (
				E15308641BC4DED0004F491A /* MapKit.framework */,
				E153084A1BC4D9A2004F491A /* MyVirtualTourist */,
				E15308491BC4D9A2004F491A /* Products */,
			);
			sourceTree = "<group>";
		};
		E15308491BC4D9A2004F491A /* Products */ = {
			isa = PBXGroup;
			children = (
				E15308481BC4D9A2004F491A /* MyVirtualTourist.app */,
			);
			name = Products;
			sourceTree = "<group>";
		};
		E153084A1BC4D9A2004F491A /* MyVirtualTourist */ = {
			isa = PBXGroup;
			children = (
				E153084B1BC4D9A2004F491A /* AppDelegate.swift */,
				E15308681BC4E2C9004F491A /* Models */,
				E15308671BC4E2C3004F491A /* Views */,
				E15308661BC4E2BB004F491A /* Controllers */,
				E153085A1BC4D9A2004F491A /* Info.plist */,
			);
			path = MyVirtualTourist;
			sourceTree = "<group>";
		};
		E15308661BC4E2BB004F491A /* Controllers */ = {
			isa = PBXGroup;
			children = (
				E153084D1BC4D9A2004F491A /* ViewController.swift */,
			);
			name = Controllers;
			sourceTree = "<group>";
		};
		E15308671BC4E2C3004F491A /* Views */ = {
			isa = PBXGroup;
			children = (
				E15308571BC4D9A2004F491A /* LaunchScreen.storyboard */,
				E153084F1BC4D9A2004F491A /* Main.storyboard */,
				E15308551BC4D9A2004F491A /* Assets.xcassets */,
			);
			name = Views;
			sourceTree = "<group>";
		};
		E15308681BC4E2C9004F491A /* Models */ = {
			isa = PBXGroup;
			children = (
				E15308621BC4DAC1004F491A /* CoreDataStackManager.swift */,
				E15308521BC4D9A2004F491A /* MyVirtualTourist.xcdatamodeld */,
			);
			name = Models;
			sourceTree = "<group>";
		};
/* End PBXGroup section */

/* Begin PBXNativeTarget section */
		E15308471BC4D9A2004F491A /* MyVirtualTourist */ = {
			isa = PBXNativeTarget;
			buildConfigurationList = E153085D1BC4D9A2004F491A /* Build configuration list for PBXNativeTarget "MyVirtualTourist" */;
			buildPhases = (
				E15308441BC4D9A2004F491A /* Sources */,
				E15308451BC4D9A2004F491A /* Frameworks */,
				E15308461BC4D9A2004F491A /* Resources */,
			);
			buildRules = (
			);
			dependencies = (
			);
			name = MyVirtualTourist;
			productName = MyVirtualTourist;
			productReference = E15308481BC4D9A2004F491A /* MyVirtualTourist.app */;
			productType = "com.apple.product-type.application";
		};
/* End PBXNativeTarget section */

/* Begin PBXProject section */
		E15308401BC4D9A2004F491A /* Project object */ = {
			isa = PBXProject;
			attributes = {
				LastUpgradeCheck = 0700;
				ORGANIZATIONNAME = Palmera;
				TargetAttributes = {
					E15308471BC4D9A2004F491A = {
						CreatedOnToolsVersion = 7.0.1;
					};
				};
			};
			buildConfigurationList = E15308431BC4D9A2004F491A /* Build configuration list for PBXProject "MyVirtualTourist" */;
			compatibilityVersion = "Xcode 3.2";
			developmentRegion = English;
			hasScannedForEncodings = 0;
			knownRegions = (
				en,
				Base,
			);
			mainGroup = E153083F1BC4D9A2004F491A;
			productRefGroup = E15308491BC4D9A2004F491A /* Products */;
			projectDirPath = "";
			projectRoot = "";
			targets = (
				E15308471BC4D9A2004F491A /* MyVirtualTourist */,
			);
		};
/* End PBXProject section */

/* Begin PBXResourcesBuildPhase section */
		E15308461BC4D9A2004F491A /* Resources */ = {
			isa = PBXResourcesBuildPhase;
			buildActionMask = 2147483647;
			files = (
				E15308591BC4D9A2004F491A /* LaunchScreen.storyboard in Resources */,
				E15308561BC4D9A2004F491A /* Assets.xcassets in Resources */,
				E15308511BC4D9A2004F491A /* Main.storyboard in Resources */,
			);
			runOnlyForDeploymentPostprocessing = 0;
		};
/* End PBXResourcesBuildPhase section */

/* Begin PBXSourcesBuildPhase section */
		E15308441BC4D9A2004F491A /* Sources */ = {
			isa = PBXSourcesBuildPhase;
			buildActionMask = 2147483647;
			files = (
				E153084E1BC4D9A2004F491A /* ViewController.swift in Sources */,
				E15308631BC4DAC1004F491A /* CoreDataStackManager.swift in Sources */,
				E153084C1BC4D9A2004F491A /* AppDelegate.swift in Sources */,
				E15308541BC4D9A2004F491A /* MyVirtualTourist.xcdatamodeld in Sources */,
			);
			runOnlyForDeploymentPostprocessing = 0;
		};
/* End PBXSourcesBuildPhase section */

/* Begin PBXVariantGroup section */
		E153084F1BC4D9A2004F491A /* Main.storyboard */ = {
			isa = PBXVariantGroup;
			children = (
				E15308501BC4D9A2004F491A /* Base */,
			);
			name = Main.storyboard;
			sourceTree = "<group>";
		};
		E15308571BC4D9A2004F491A /* LaunchScreen.storyboard */ = {
			isa = PBXVariantGroup;
			children = (
				E15308581BC4D9A2004F491A /* Base */,
			);
			name = LaunchScreen.storyboard;
			sourceTree = "<group>";
		};
/* End PBXVariantGroup section */

/* Begin XCBuildConfiguration section */
		E153085B1BC4D9A2004F491A /* Debug */ = {
			isa = XCBuildConfiguration;
			buildSettings = {
				ALWAYS_SEARCH_USER_PATHS = NO;
				CLANG_CXX_LANGUAGE_STANDARD = "gnu++0x";
				CLANG_CXX_LIBRARY = "libc++";
				CLANG_ENABLE_MODULES = YES;
				CLANG_ENABLE_OBJC_ARC = YES;
				CLANG_WARN_BOOL_CONVERSION = YES;
				CLANG_WARN_CONSTANT_CONVERSION = YES;
				CLANG_WARN_DIRECT_OBJC_ISA_USAGE = YES_ERROR;
				CLANG_WARN_EMPTY_BODY = YES;
				CLANG_WARN_ENUM_CONVERSION = YES;
				CLANG_WARN_INT_CONVERSION = YES;
				CLANG_WARN_OBJC_ROOT_CLASS = YES_ERROR;
				CLANG_WARN_UNREACHABLE_CODE = YES;
				CLANG_WARN__DUPLICATE_METHOD_MATCH = YES;
				"CODE_SIGN_IDENTITY[sdk=iphoneos*]" = "iPhone Developer";
				COPY_PHASE_STRIP = NO;
				DEBUG_INFORMATION_FORMAT = dwarf;
				ENABLE_STRICT_OBJC_MSGSEND = YES;
				ENABLE_TESTABILITY = YES;
				GCC_C_LANGUAGE_STANDARD = gnu99;
				GCC_DYNAMIC_NO_PIC = NO;
				GCC_NO_COMMON_BLOCKS = YES;
				GCC_OPTIMIZATION_LEVEL = 0;
				GCC_PREPROCESSOR_DEFINITIONS = (
					"DEBUG=1",
					"$(inherited)",
				);
				GCC_WARN_64_TO_32_BIT_CONVERSION = YES;
				GCC_WARN_ABOUT_RETURN_TYPE = YES_ERROR;
				GCC_WARN_UNDECLARED_SELECTOR = YES;
				GCC_WARN_UNINITIALIZED_AUTOS = YES_AGGRESSIVE;
				GCC_WARN_UNUSED_FUNCTION = YES;
				GCC_WARN_UNUSED_VARIABLE = YES;
				IPHONEOS_DEPLOYMENT_TARGET = 9.0;
				MTL_ENABLE_DEBUG_INFO = YES;
				ONLY_ACTIVE_ARCH = YES;
				SDKROOT = iphoneos;
				SWIFT_OPTIMIZATION_LEVEL = "-Onone";
				TARGETED_DEVICE_FAMILY = "1,2";
			};
			name = Debug;
		};
		E153085C1BC4D9A2004F491A /* Release */ = {
			isa = XCBuildConfiguration;
			buildSettings = {
				ALWAYS_SEARCH_USER_PATHS = NO;
				CLANG_CXX_LANGUAGE_STANDARD = "gnu++0x";
				CLANG_CXX_LIBRARY = "libc++";
				CLANG_ENABLE_MODULES = YES;
				CLANG_ENABLE_OBJC_ARC = YES;
				CLANG_WARN_BOOL_CONVERSION = YES;
				CLANG_WARN_CONSTANT_CONVERSION = YES;
				CLANG_WARN_DIRECT_OBJC_ISA_USAGE = YES_ERROR;
				CLANG_WARN_EMPTY_BODY = YES;
				CLANG_WARN_ENUM_CONVERSION = YES;
				CLANG_WARN_INT_CONVERSION = YES;
				CLANG_WARN_OBJC_ROOT_CLASS = YES_ERROR;
				CLANG_WARN_UNREACHABLE_CODE = YES;
				CLANG_WARN__DUPLICATE_METHOD_MATCH = YES;
				"CODE_SIGN_IDENTITY[sdk=iphoneos*]" = "iPhone Developer";
				COPY_PHASE_STRIP = NO;
				DEBUG_INFORMATION_FORMAT = "dwarf-with-dsym";
				ENABLE_NS_ASSERTIONS = NO;
				ENABLE_STRICT_OBJC_MSGSEND = YES;
				GCC_C_LANGUAGE_STANDARD = gnu99;
				GCC_NO_COMMON_BLOCKS = YES;
				GCC_WARN_64_TO_32_BIT_CONVERSION = YES;
				GCC_WARN_ABOUT_RETURN_TYPE = YES_ERROR;
				GCC_WARN_UNDECLARED_SELECTOR = YES;
				GCC_WARN_UNINITIALIZED_AUTOS = YES_AGGRESSIVE;
				GCC_WARN_UNUSED_FUNCTION = YES;
				GCC_WARN_UNUSED_VARIABLE = YES;
				IPHONEOS_DEPLOYMENT_TARGET = 9.0;
				MTL_ENABLE_DEBUG_INFO = NO;
				SDKROOT = iphoneos;
				TARGETED_DEVICE_FAMILY = "1,2";
				VALIDATE_PRODUCT = YES;
			};
			name = Release;
		};
		E153085E1BC4D9A2004F491A /* Debug */ = {
			isa = XCBuildConfiguration;
			buildSettings = {
				ASSETCATALOG_COMPILER_APPICON_NAME = AppIcon;
				INFOPLIST_FILE = MyVirtualTourist/Info.plist;
				LD_RUNPATH_SEARCH_PATHS = "$(inherited) @executable_path/Frameworks";
				PRODUCT_BUNDLE_IDENTIFIER = com.palmera.MyVirtualTourist;
				PRODUCT_NAME = "$(TARGET_NAME)";
			};
			name = Debug;
		};
		E153085F1BC4D9A2004F491A /* Release */ = {
			isa = XCBuildConfiguration;
			buildSettings = {
				ASSETCATALOG_COMPILER_APPICON_NAME = AppIcon;
				INFOPLIST_FILE = MyVirtualTourist/Info.plist;
				LD_RUNPATH_SEARCH_PATHS = "$(inherited) @executable_path/Frameworks";
				PRODUCT_BUNDLE_IDENTIFIER = com.palmera.MyVirtualTourist;
				PRODUCT_NAME = "$(TARGET_NAME)";
			};
			name = Release;
		};
/* End XCBuildConfiguration section */

/* Begin XCConfigurationList section */
		E15308431BC4D9A2004F491A /* Build configuration list for PBXProject "MyVirtualTourist" */ = {
			isa = XCConfigurationList;
			buildConfigurations = (
				E153085B1BC4D9A2004F491A /* Debug */,
				E153085C1BC4D9A2004F491A /* Release */,
			);
			defaultConfigurationIsVisible = 0;
			defaultConfigurationName = Release;
		};
		E153085D1BC4D9A2004F491A /* Build configuration list for PBXNativeTarget "MyVirtualTourist" */ = {
			isa = XCConfigurationList;
			buildConfigurations = (
				E153085E1BC4D9A2004F491A /* Debug */,
				E153085F1BC4D9A2004F491A /* Release */,
			);
			defaultConfigurationIsVisible = 0;
		};
/* End XCConfigurationList section */

/* Begin XCVersionGroup section */
		E15308521BC4D9A2004F491A /* MyVirtualTourist.xcdatamodeld */ = {
			isa = XCVersionGroup;
			children = (
				E15308531BC4D9A2004F491A /* MyVirtualTourist.xcdatamodel */,
			);
			currentVersion = E15308531BC4D9A2004F491A /* MyVirtualTourist.xcdatamodel */;
			path = MyVirtualTourist.xcdatamodeld;
			sourceTree = "<group>";
			versionGroupType = wrapper.xcdatamodel;
		};
/* End XCVersionGroup section */
	};
	rootObject = E15308401BC4D9A2004F491A /* Project object */;
}
